
Microsoft Visual Studio Solution File, Format Version 12.00
# Visual Studio Version 17
VisualStudioVersion = 17.9.34607.119
MinimumVisualStudioVersion = 10.0.40219.1
Project("{FAE04EC0-301F-11D3-BF4B-00C04F79EFBC}") = "Object.Oriented.Programming", "Object.Oriented.Programming.csproj", "{0CED6DD2-AE43-417E-8323-260E88D9E1ED}"
EndProject
Global
	GlobalSection(SolutionConfigurationPlatforms) = preSolution
		Debug|Any CPU = Debug|Any CPU
		Release|Any CPU = Release|Any CPU
	EndGlobalSection
	GlobalSection(ProjectConfigurationPlatforms) = postSolution
		{0CED6DD2-AE43-417E-8323-260E88D9E1ED}.Debug|Any CPU.ActiveCfg = Debug|Any CPU
		{0CED6DD2-AE43-417E-8323-260E88D9E1ED}.Debug|Any CPU.Build.0 = Debug|Any CPU
		{0CED6DD2-AE43-417E-8323-260E88D9E1ED}.Release|Any CPU.ActiveCfg = Release|Any CPU
		{0CED6DD2-AE43-417E-8323-260E88D9E1ED}.Release|Any CPU.Build.0 = Release|Any CPU
	EndGlobalSection
	GlobalSection(SolutionProperties) = preSolution
		HideSolutionNode = FALSE
	EndGlobalSection
	GlobalSection(ExtensibilityGlobals) = postSolution
		SolutionGuid = {A36C36AF-1888-4C37-A0BE-F418BB7D4622}
	EndGlobalSection
EndGlobal
